
Microsoft Visual Studio Solution File, Format Version 12.00
# Visual Studio Version 16
VisualStudioVersion = 16.0.31424.327
MinimumVisualStudioVersion = 10.0.40219.1
Project("{9A19103F-16F7-4668-BE54-9A1E7A4F7556}") = "Algo", "ConsoleApp1\Algo.csproj", "{9D438098-F836-4B6F-ACDF-BDB22B7107C6}"
EndProject
Project("{FAE04EC0-301F-11D3-BF4B-00C04F79EFBC}") = "Algo_Extension", "Algo_Extension\Algo_Extension.csproj", "{29D372F6-B2F6-4972-817A-46529E6F2C67}"
EndProject
Global
	GlobalSection(SolutionConfigurationPlatforms) = preSolution
		Debug|Any CPU = Debug|Any CPU
		Release|Any CPU = Release|Any CPU
	EndGlobalSection
	GlobalSection(ProjectConfigurationPlatforms) = postSolution
		{9D438098-F836-4B6F-ACDF-BDB22B7107C6}.Debug|Any CPU.ActiveCfg = Debug|Any CPU
		{9D438098-F836-4B6F-ACDF-BDB22B7107C6}.Debug|Any CPU.Build.0 = Debug|Any CPU
		{9D438098-F836-4B6F-ACDF-BDB22B7107C6}.Release|Any CPU.ActiveCfg = Release|Any CPU
		{9D438098-F836-4B6F-ACDF-BDB22B7107C6}.Release|Any CPU.Build.0 = Release|Any CPU
		{29D372F6-B2F6-4972-817A-46529E6F2C67}.Debug|Any CPU.ActiveCfg = Debug|Any CPU
		{29D372F6-B2F6-4972-817A-46529E6F2C67}.Debug|Any CPU.Build.0 = Debug|Any CPU
		{29D372F6-B2F6-4972-817A-46529E6F2C67}.Release|Any CPU.ActiveCfg = Release|Any CPU
		{29D372F6-B2F6-4972-817A-46529E6F2C67}.Release|Any CPU.Build.0 = Release|Any CPU
	EndGlobalSection
	GlobalSection(SolutionProperties) = preSolution
		HideSolutionNode = FALSE
	EndGlobalSection
	GlobalSection(ExtensibilityGlobals) = postSolution
		SolutionGuid = {A257419A-C4A3-460B-8DF3-0B7396EBA4C6}
	EndGlobalSection
EndGlobal
